Microsoft Visual Studio Solution File, Format Version 12.00
# Visual Studio Version 17
VisualStudioVersion = 17.5.2.0
MinimumVisualStudioVersion = 10.0.40219.1
Project("{FAE04EC0-301F-11D3-BF4B-00C04F79EFBC}") = "Stepify", "Stepify.csproj", "{7E013EFD-A6D0-CACF-C084-13B401EB196B}"
EndProject
Global
	GlobalSection(SolutionConfigurationPlatforms) = preSolution
		Debug|Any CPU = Debug|Any CPU
		Release|Any CPU = Release|Any CPU
	EndGlobalSection
	GlobalSection(ProjectConfigurationPlatforms) = postSolution
		{7E013EFD-A6D0-CACF-C084-13B401EB196B}.Debug|Any CPU.ActiveCfg = Debug|Any CPU
		{7E013EFD-A6D0-CACF-C084-13B401EB196B}.Debug|Any CPU.Build.0 = Debug|Any CPU
		{7E013EFD-A6D0-CACF-C084-13B401EB196B}.Release|Any CPU.ActiveCfg = Release|Any CPU
		{7E013EFD-A6D0-CACF-C084-13B401EB196B}.Release|Any CPU.Build.0 = Release|Any CPU
	EndGlobalSection
	GlobalSection(SolutionProperties) = preSolution
		HideSolutionNode = FALSE
	EndGlobalSection
	GlobalSection(ExtensibilityGlobals) = postSolution
		SolutionGuid = {BD8009F1-C37F-404B-AABF-122E0B843CBE}
	EndGlobalSection
EndGlobal
